// !$*UTF8*$!
{
	archiveVersion = 1;
	classes = {
	};
	objectVersion = 56;
	objects = {

/* Begin PBXBuildFile section */
		CA7B330C2A5509F30050D33D /* AppDelegate.swift in Sources */ = {isa = PBXBuildFile; fileRef = CA7B330B2A5509F30050D33D /* AppDelegate.swift */; };
		CA7B330E2A5509F30050D33D /* SceneDelegate.swift in Sources */ = {isa = PBXBuildFile; fileRef = CA7B330D2A5509F30050D33D /* SceneDelegate.swift */; };
		CA7B33152A5509F40050D33D /* Assets.xcassets in Resources */ = {isa = PBXBuildFile; fileRef = CA7B33142A5509F40050D33D /* Assets.xcassets */; };
		CA7B33182A5509F40050D33D /* LaunchScreen.storyboard in Resources */ = {isa = PBXBuildFile; fileRef = CA7B33162A5509F40050D33D /* LaunchScreen.storyboard */; };
		CA7B33202A550AD00050D33D /* MainViewController.swift in Sources */ = {isa = PBXBuildFile; fileRef = CA7B331F2A550AD00050D33D /* MainViewController.swift */; };
		CA7B33222A550AF20050D33D /* DetailsViewController.swift in Sources */ = {isa = PBXBuildFile; fileRef = CA7B33212A550AF20050D33D /* DetailsViewController.swift */; };
		CA7B33252A550B1C0050D33D /* SnapKit in Frameworks */ = {isa = PBXBuildFile; productRef = CA7B33242A550B1C0050D33D /* SnapKit */; };
		CA7B332A2A550E800050D33D /* UIColor+Random.swift in Sources */ = {isa = PBXBuildFile; fileRef = CA7B33292A550E800050D33D /* UIColor+Random.swift */; };
/* End PBXBuildFile section */

/* Begin PBXFileReference section */
		CA7B33082A5509F30050D33D /* UICollectionViewGalleryExample.app */ = {isa = PBXFileReference; explicitFileType = wrapper.application; includeInIndex = 0; path = UICollectionViewGalleryExample.app; sourceTree = BUILT_PRODUCTS_DIR; };
		CA7B330B2A5509F30050D33D /* AppDelegate.swift */ = {isa = PBXFileReference; lastKnownFileType = sourcecode.swift; path = AppDelegate.swift; sourceTree = "<group>"; };
		CA7B330D2A5509F30050D33D /* SceneDelegate.swift */ = {isa = PBXFileReference; lastKnownFileType = sourcecode.swift; path = SceneDelegate.swift; sourceTree = "<group>"; };
		CA7B33142A5509F40050D33D /* Assets.xcassets */ = {isa = PBXFileReference; lastKnownFileType = folder.assetcatalog; path = Assets.xcassets; sourceTree = "<group>"; };
		CA7B33172A5509F40050D33D /* Base */ = {isa = PBXFileReference; lastKnownFileType = file.storyboard; name = Base; path = Base.lproj/LaunchScreen.storyboard; sourceTree = "<group>"; };
		CA7B33192A5509F40050D33D /* Info.plist */ = {isa = PBXFileReference; lastKnownFileType = text.plist.xml; path = Info.plist; sourceTree = "<group>"; };
		CA7B331F2A550AD00050D33D /* MainViewController.swift */ = {isa = PBXFileReference; lastKnownFileType = sourcecode.swift; path = MainViewController.swift; sourceTree = "<group>"; };
		CA7B33212A550AF20050D33D /* DetailsViewController.swift */ = {isa = PBXFileReference; lastKnownFileType = sourcecode.swift; path = DetailsViewController.swift; sourceTree = "<group>"; };
		CA7B33292A550E800050D33D /* UIColor+Random.swift */ = {isa = PBXFileReference; lastKnownFileType = sourcecode.swift; path = "UIColor+Random.swift"; sourceTree = "<group>"; };
/* End PBXFileReference section */

/* Begin PBXFrameworksBuildPhase section */
		CA7B33052A5509F30050D33D /* Frameworks */ = {
			isa = PBXFrameworksBuildPhase;
			buildActionMask = 2147483647;
			files = (
				CA7B33252A550B1C0050D33D /* SnapKit in Frameworks */,
			);
			runOnlyForDeploymentPostprocessing = 0;
		};
/* End PBXFrameworksBuildPhase section */

/* Begin PBXGroup section */
		CA7B32FF2A5509F30050D33D = {
			isa = PBXGroup;
			children = (
				CA7B330A2A5509F30050D33D /* UICollectionViewGalleryExample */,
				CA7B33092A5509F30050D33D /* Products */,
			);
			sourceTree = "<group>";
		};
		CA7B33092A5509F30050D33D /* Products */ = {
			isa = PBXGroup;
			children = (
				CA7B33082A5509F30050D33D /* UICollectionViewGalleryExample.app */,
			);
			name = Products;
			sourceTree = "<group>";
		};
		CA7B330A2A5509F30050D33D /* UICollectionViewGalleryExample */ = {
			isa = PBXGroup;
			children = (
				CA7B33272A550BF30050D33D /* App */,
				CA7B33262A550B8E0050D33D /* Resources */,
				CA7B33192A5509F40050D33D /* Info.plist */,
			);
			path = UICollectionViewGalleryExample;
			sourceTree = "<group>";
		};
		CA7B33262A550B8E0050D33D /* Resources */ = {
			isa = PBXGroup;
			children = (
				CA7B33142A5509F40050D33D /* Assets.xcassets */,
				CA7B33162A5509F40050D33D /* LaunchScreen.storyboard */,
			);
			path = Resources;
			sourceTree = "<group>";
		};
		CA7B33272A550BF30050D33D /* App */ = {
			isa = PBXGroup;
			children = (
				CA7B33282A550BFD0050D33D /* Scenes */,
				CA7B330B2A5509F30050D33D /* AppDelegate.swift */,
				CA7B330D2A5509F30050D33D /* SceneDelegate.swift */,
				CA7B332B2A550E840050D33D /* Helpers */,
			);
			path = App;
			sourceTree = "<group>";
		};
		CA7B33282A550BFD0050D33D /* Scenes */ = {
			isa = PBXGroup;
			children = (
				CA7B331F2A550AD00050D33D /* MainViewController.swift */,
				CA7B33212A550AF20050D33D /* DetailsViewController.swift */,
			);
			path = Scenes;
			sourceTree = "<group>";
		};
		CA7B332B2A550E840050D33D /* Helpers */ = {
			isa = PBXGroup;
			children = (
				CA7B33292A550E800050D33D /* UIColor+Random.swift */,
			);
			path = Helpers;
			sourceTree = "<group>";
		};
/* End PBXGroup section */

/* Begin PBXNativeTarget section */
		CA7B33072A5509F30050D33D /* UICollectionViewGalleryExample */ = {
			isa = PBXNativeTarget;
			buildConfigurationList = CA7B331C2A5509F40050D33D /* Build configuration list for PBXNativeTarget "UICollectionViewGalleryExample" */;
			buildPhases = (
				CA7B33042A5509F30050D33D /* Sources */,
				CA7B33052A5509F30050D33D /* Frameworks */,
				CA7B33062A5509F30050D33D /* Resources */,
			);
			buildRules = (
			);
			dependencies = (
			);
			name = UICollectionViewGalleryExample;
			packageProductDependencies = (
				CA7B33242A550B1C0050D33D /* SnapKit */,
			);
			productName = UICollectionViewGalleryExample;
			productReference = CA7B33082A5509F30050D33D /* UICollectionViewGalleryExample.app */;
			productType = "com.apple.product-type.application";
		};
/* End PBXNativeTarget section */

/* Begin PBXProject section */
		CA7B33002A5509F30050D33D /* Project object */ = {
			isa = PBXProject;
			attributes = {
				BuildIndependentTargetsInParallel = 1;
				LastSwiftUpdateCheck = 1420;
				LastUpgradeCheck = 1420;
				TargetAttributes = {
					CA7B33072A5509F30050D33D = {
						CreatedOnToolsVersion = 14.2;
					};
				};
			};
			buildConfigurationList = CA7B33032A5509F30050D33D /* Build configuration list for PBXProject "UICollectionViewGalleryExample" */;
			compatibilityVersion = "Xcode 14.0";
			developmentRegion = en;
			hasScannedForEncodings = 0;
			knownRegions = (
				en,
				Base,
			);
			mainGroup = CA7B32FF2A5509F30050D33D;
			packageReferences = (
				CA7B33232A550B1C0050D33D /* XCRemoteSwiftPackageReference "SnapKit" */,
			);
			productRefGroup = CA7B33092A5509F30050D33D /* Products */;
			projectDirPath = "";
			projectRoot = "";
			targets = (
				CA7B33072A5509F30050D33D /* UICollectionViewGalleryExample */,
			);
		};
/* End PBXProject section */

/* Begin PBXResourcesBuildPhase section */
		CA7B33062A5509F30050D33D /* Resources */ = {
			isa = PBXResourcesBuildPhase;
			buildActionMask = 2147483647;
			files = (
				CA7B33182A5509F40050D33D /* LaunchScreen.storyboard in Resources */,
				CA7B33152A5509F40050D33D /* Assets.xcassets in Resources */,
			);
			runOnlyForDeploymentPostprocessing = 0;
		};
/* End PBXResourcesBuildPhase section */

/* Begin PBXSourcesBuildPhase section */
		CA7B33042A5509F30050D33D /* Sources */ = {
			isa = PBXSourcesBuildPhase;
			buildActionMask = 2147483647;
			files = (
				CA7B332A2A550E800050D33D /* UIColor+Random.swift in Sources */,
				CA7B330C2A5509F30050D33D /* AppDelegate.swift in Sources */,
				CA7B330E2A5509F30050D33D /* SceneDelegate.swift in Sources */,
				CA7B33202A550AD00050D33D /* MainViewController.swift in Sources */,
				CA7B33222A550AF20050D33D /* DetailsViewController.swift in Sources */,
			);
			runOnlyForDeploymentPostprocessing = 0;
		};
/* End PBXSourcesBuildPhase section */

/* Begin PBXVariantGroup section */
		CA7B33162A5509F40050D33D /* LaunchScreen.storyboard */ = {
			isa = PBXVariantGroup;
			children = (
				CA7B33172A5509F40050D33D /* Base */,
			);
			name = LaunchScreen.storyboard;
			sourceTree = "<group>";
		};
/* End PBXVariantGroup section */

/* Begin XCBuildConfiguration section */
		CA7B331A2A5509F40050D33D /* Debug */ = {
			isa = XCBuildConfiguration;
			buildSettings = {
				ALWAYS_SEARCH_USER_PATHS = NO;
				CLANG_ANALYZER_NONNULL = YES;
				CLANG_ANALYZER_NUMBER_OBJECT_CONVERSION = YES_AGGRESSIVE;
				CLANG_CXX_LANGUAGE_STANDARD = "gnu++20";
				CLANG_ENABLE_MODULES = YES;
				CLANG_ENABLE_OBJC_ARC = YES;
				CLANG_ENABLE_OBJC_WEAK = YES;
				CLANG_WARN_BLOCK_CAPTURE_AUTORELEASING = YES;
				CLANG_WARN_BOOL_CONVERSION = YES;
				CLANG_WARN_COMMA = YES;
				CLANG_WARN_CONSTANT_CONVERSION = YES;
				CLANG_WARN_DEPRECATED_OBJC_IMPLEMENTATIONS = YES;
				CLANG_WARN_DIRECT_OBJC_ISA_USAGE = YES_ERROR;
				CLANG_WARN_DOCUMENTATION_COMMENTS = YES;
				CLANG_WARN_EMPTY_BODY = YES;
				CLANG_WARN_ENUM_CONVERSION = YES;
				CLANG_WARN_INFINITE_RECURSION = YES;
				CLANG_WARN_INT_CONVERSION = YES;
				CLANG_WARN_NON_LITERAL_NULL_CONVERSION = YES;
				CLANG_WARN_OBJC_IMPLICIT_RETAIN_SELF = YES;
				CLANG_WARN_OBJC_LITERAL_CONVERSION = YES;
				CLANG_WARN_OBJC_ROOT_CLASS = YES_ERROR;
				CLANG_WARN_QUOTED_INCLUDE_IN_FRAMEWORK_HEADER = YES;
				CLANG_WARN_RANGE_LOOP_ANALYSIS = YES;
				CLANG_WARN_STRICT_PROTOTYPES = YES;
				CLANG_WARN_SUSPICIOUS_MOVE = YES;
				CLANG_WARN_UNGUARDED_AVAILABILITY = YES_AGGRESSIVE;
				CLANG_WARN_UNREACHABLE_CODE = YES;
				CLANG_WARN__DUPLICATE_METHOD_MATCH = YES;
				COPY_PHASE_STRIP = NO;
				DEBUG_INFORMATION_FORMAT = dwarf;
				ENABLE_STRICT_OBJC_MSGSEND = YES;
				ENABLE_TESTABILITY = YES;
				GCC_C_LANGUAGE_STANDARD = gnu11;
				GCC_DYNAMIC_NO_PIC = NO;
				GCC_NO_COMMON_BLOCKS = YES;
				GCC_OPTIMIZATION_LEVEL = 0;
				GCC_PREPROCESSOR_DEFINITIONS = (
					"DEBUG=1",
					"$(inherited)",
				);
				GCC_WARN_64_TO_32_BIT_CONVERSION = YES;
				GCC_WARN_ABOUT_RETURN_TYPE = YES_ERROR;
				GCC_WARN_UNDECLARED_SELECTOR = YES;
				GCC_WARN_UNINITIALIZED_AUTOS = YES_AGGRESSIVE;
				GCC_WARN_UNUSED_FUNCTION = YES;
				GCC_WARN_UNUSED_VARIABLE = YES;
				IPHONEOS_DEPLOYMENT_TARGET = 16.2;
				MTL_ENABLE_DEBUG_INFO = INCLUDE_SOURCE;
				MTL_FAST_MATH = YES;
				ONLY_ACTIVE_ARCH = YES;
				SDKROOT = iphoneos;
				SWIFT_ACTIVE_COMPILATION_CONDITIONS = DEBUG;
				SWIFT_OPTIMIZATION_LEVEL = "-Onone";
			};
			name = Debug;
		};
		CA7B331B2A5509F40050D33D /* Release */ = {
			isa = XCBuildConfiguration;
			buildSettings = {
				ALWAYS_SEARCH_USER_PATHS = NO;
				CLANG_ANALYZER_NONNULL = YES;
				CLANG_ANALYZER_NUMBER_OBJECT_CONVERSION = YES_AGGRESSIVE;
				CLANG_CXX_LANGUAGE_STANDARD = "gnu++20";
				CLANG_ENABLE_MODULES = YES;
				CLANG_ENABLE_OBJC_ARC = YES;
				CLANG_ENABLE_OBJC_WEAK = YES;
				CLANG_WARN_BLOCK_CAPTURE_AUTORELEASING = YES;
				CLANG_WARN_BOOL_CONVERSION = YES;
				CLANG_WARN_COMMA = YES;
				CLANG_WARN_CONSTANT_CONVERSION = YES;
				CLANG_WARN_DEPRECATED_OBJC_IMPLEMENTATIONS = YES;
				CLANG_WARN_DIRECT_OBJC_ISA_USAGE = YES_ERROR;
				CLANG_WARN_DOCUMENTATION_COMMENTS = YES;
				CLANG_WARN_EMPTY_BODY = YES;
				CLANG_WARN_ENUM_CONVERSION = YES;
				CLANG_WARN_INFINITE_RECURSION = YES;
				CLANG_WARN_INT_CONVERSION = YES;
				CLANG_WARN_NON_LITERAL_NULL_CONVERSION = YES;
				CLANG_WARN_OBJC_IMPLICIT_RETAIN_SELF = YES;
				CLANG_WARN_OBJC_LITERAL_CONVERSION = YES;
				CLANG_WARN_OBJC_ROOT_CLASS = YES_ERROR;
				CLANG_WARN_QUOTED_INCLUDE_IN_FRAMEWORK_HEADER = YES;
				CLANG_WARN_RANGE_LOOP_ANALYSIS = YES;
				CLANG_WARN_STRICT_PROTOTYPES = YES;
				CLANG_WARN_SUSPICIOUS_MOVE = YES;
				CLANG_WARN_UNGUARDED_AVAILABILITY = YES_AGGRESSIVE;
				CLANG_WARN_UNREACHABLE_CODE = YES;
				CLANG_WARN__DUPLICATE_METHOD_MATCH = YES;
				COPY_PHASE_STRIP = NO;
				DEBUG_INFORMATION_FORMAT = "dwarf-with-dsym";
				ENABLE_NS_ASSERTIONS = NO;
				ENABLE_STRICT_OBJC_MSGSEND = YES;
				GCC_C_LANGUAGE_STANDARD = gnu11;
				GCC_NO_COMMON_BLOCKS = YES;
				GCC_WARN_64_TO_32_BIT_CONVERSION = YES;
				GCC_WARN_ABOUT_RETURN_TYPE = YES_ERROR;
				GCC_WARN_UNDECLARED_SELECTOR = YES;
				GCC_WARN_UNINITIALIZED_AUTOS = YES_AGGRESSIVE;
				GCC_WARN_UNUSED_FUNCTION = YES;
				GCC_WARN_UNUSED_VARIABLE = YES;
				IPHONEOS_DEPLOYMENT_TARGET = 16.2;
				MTL_ENABLE_DEBUG_INFO = NO;
				MTL_FAST_MATH = YES;
				SDKROOT = iphoneos;
				SWIFT_COMPILATION_MODE = wholemodule;
				SWIFT_OPTIMIZATION_LEVEL = "-O";
				VALIDATE_PRODUCT = YES;
			};
			name = Release;
		};
		CA7B331D2A5509F40050D33D /* Debug */ = {
			isa = XCBuildConfiguration;
			buildSettings = {
				ASSETCATALOG_COMPILER_APPICON_NAME = AppIcon;
				ASSETCATALOG_COMPILER_GLOBAL_ACCENT_COLOR_NAME = AccentColor;
				CODE_SIGN_STYLE = Automatic;
				CURRENT_PROJECT_VERSION = 1;
				DEVELOPMENT_TEAM = 4NK62H99X6;
				GENERATE_INFOPLIST_FILE = YES;
				INFOPLIST_FILE = UICollectionViewGalleryExample/Info.plist;
				INFOPLIST_KEY_UIApplicationSupportsIndirectInputEvents = YES;
				INFOPLIST_KEY_UILaunchStoryboardName = LaunchScreen;
				INFOPLIST_KEY_UISupportedInterfaceOrientations_iPad = "UIInterfaceOrientationPortrait UIInterfaceOrientationPortraitUpsideDown UIInterfaceOrientationLandscapeLeft UIInterfaceOrientationLandscapeRight";
				INFOPLIST_KEY_UISupportedInterfaceOrientations_iPhone = "UIInterfaceOrientationPortrait UIInterfaceOrientationLandscapeLeft UIInterfaceOrientationLandscapeRight";
				LD_RUNPATH_SEARCH_PATHS = (
					"$(inherited)",
					"@executable_path/Frameworks",
				);
				MARKETING_VERSION = 1.0;
				PRODUCT_BUNDLE_IDENTIFIER = jareksedy.UICollectionViewGalleryExample;
				PRODUCT_NAME = "$(TARGET_NAME)";
				SUPPORTED_PLATFORMS = "iphoneos iphonesimulator";
				SUPPORTS_MACCATALYST = NO;
				SUPPORTS_MAC_DESIGNED_FOR_IPHONE_IPAD = NO;
				SWIFT_EMIT_LOC_STRINGS = YES;
				SWIFT_VERSION = 5.0;
				TARGETED_DEVICE_FAMILY = "1,2";
			};
			name = Debug;
		};
		CA7B331E2A5509F40050D33D /* Release */ = {
			isa = XCBuildConfiguration;
			buildSettings = {
				ASSETCATALOG_COMPILER_APPICON_NAME = AppIcon;
				ASSETCATALOG_COMPILER_GLOBAL_ACCENT_COLOR_NAME = AccentColor;
				CODE_SIGN_STYLE = Automatic;
				CURRENT_PROJECT_VERSION = 1;
				DEVELOPMENT_TEAM = 4NK62H99X6;
				GENERATE_INFOPLIST_FILE = YES;
				INFOPLIST_FILE = UICollectionViewGalleryExample/Info.plist;
				INFOPLIST_KEY_UIApplicationSupportsIndirectInputEvents = YES;
				INFOPLIST_KEY_UILaunchStoryboardName = LaunchScreen;
				INFOPLIST_KEY_UISupportedInterfaceOrientations_iPad = "UIInterfaceOrientationPortrait UIInterfaceOrientationPortraitUpsideDown UIInterfaceOrientationLandscapeLeft UIInterfaceOrientationLandscapeRight";
				INFOPLIST_KEY_UISupportedInterfaceOrientations_iPhone = "UIInterfaceOrientationPortrait UIInterfaceOrientationLandscapeLeft UIInterfaceOrientationLandscapeRight";
				LD_RUNPATH_SEARCH_PATHS = (
					"$(inherited)",
					"@executable_path/Frameworks",
				);
				MARKETING_VERSION = 1.0;
				PRODUCT_BUNDLE_IDENTIFIER = jareksedy.UICollectionViewGalleryExample;
				PRODUCT_NAME = "$(TARGET_NAME)";
				SUPPORTED_PLATFORMS = "iphoneos iphonesimulator";
				SUPPORTS_MACCATALYST = NO;
				SUPPORTS_MAC_DESIGNED_FOR_IPHONE_IPAD = NO;
				SWIFT_EMIT_LOC_STRINGS = YES;
				SWIFT_VERSION = 5.0;
				TARGETED_DEVICE_FAMILY = "1,2";
			};
			name = Release;
		};
/* End XCBuildConfiguration section */

/* Begin XCConfigurationList section */
		CA7B33032A5509F30050D33D /* Build configuration list for PBXProject "UICollectionViewGalleryExample" */ = {
			isa = XCConfigurationList;
			buildConfigurations = (
				CA7B331A2A5509F40050D33D /* Debug */,
				CA7B331B2A5509F40050D33D /* Release */,
			);
			defaultConfigurationIsVisible = 0;
			defaultConfigurationName = Release;
		};
		CA7B331C2A5509F40050D33D /* Build configuration list for PBXNativeTarget "UICollectionViewGalleryExample" */ = {
			isa = XCConfigurationList;
			buildConfigurations = (
				CA7B331D2A5509F40050D33D /* Debug */,
				CA7B331E2A5509F40050D33D /* Release */,
			);
			defaultConfigurationIsVisible = 0;
			defaultConfigurationName = Release;
		};
/* End XCConfigurationList section */

/* Begin XCRemoteSwiftPackageReference section */
		CA7B33232A550B1C0050D33D /* XCRemoteSwiftPackageReference "SnapKit" */ = {
			isa = XCRemoteSwiftPackageReference;
			repositoryURL = "https://github.com/SnapKit/SnapKit.git";
			requirement = {
				branch = develop;
				kind = branch;
			};
		};
/* End XCRemoteSwiftPackageReference section */

/* Begin XCSwiftPackageProductDependency section */
		CA7B33242A550B1C0050D33D /* SnapKit */ = {
			isa = XCSwiftPackageProductDependency;
			package = CA7B33232A550B1C0050D33D /* XCRemoteSwiftPackageReference "SnapKit" */;
			productName = SnapKit;
		};
/* End XCSwiftPackageProductDependency section */
	};
	rootObject = CA7B33002A5509F30050D33D /* Project object */;
}
